{
  "version": "4",
  "specifiers": {
    "jsr:@std/assert@^1.0.10": "1.0.11",
    "jsr:@std/async@^1.0.9": "1.0.10",
    "jsr:@std/data-structures@^1.0.6": "1.0.6",
    "jsr:@std/fs@^1.0.5": "1.0.13",
    "jsr:@std/fs@^1.0.9": "1.0.13",
    "jsr:@std/internal@^1.0.5": "1.0.5",
    "jsr:@std/path@^1.0.8": "1.0.8",
    "jsr:@std/testing@^1.0.5": "1.0.9",
    "npm:@hono/swagger-ui@0.5": "0.5.1_hono@4.7.2",
    "npm:@seriousme/openapi-schema-validator@^2.3.1": "2.3.1_ajv@8.17.1",
    "npm:@ts-rest/core@^3.51.0": "3.52.0_zod@3.24.2",
    "npm:@ts-rest/open-api@^3.51.0": "3.52.0_@ts-rest+core@3.52.0__zod@3.24.2_zod@3.24.2_openapi3-ts@2.0.2",
    "npm:hono@^4.6.16": "4.7.2",
    "npm:zod@^3.24.1": "3.24.2"
  },
  "jsr": {
    "@std/assert@1.0.11": {
      "integrity": "2461ef3c368fe88bc60e186e7744a93112f16fd110022e113a0849e94d1c83c1",
      "dependencies": [
        "jsr:@std/internal"
      ]
    },
    "@std/async@1.0.10": {
      "integrity": "2ff1b1c7d33d1416159989b0f69e59ec7ee8cb58510df01e454def2108b3dbec"
    },
    "@std/data-structures@1.0.6": {
      "integrity": "76a7fd8080c66604c0496220a791860492ab21a04a63a969c0b9a0609bbbb760"
    },
    "@std/fs@1.0.13": {
      "integrity": "756d3ff0ade91c9e72b228e8012b6ff00c3d4a4ac9c642c4dac083536bf6c605",
      "dependencies": [
        "jsr:@std/path"
      ]
    },
    "@std/internal@1.0.5": {
      "integrity": "54a546004f769c1ac9e025abd15a76b6671ddc9687e2313b67376125650dc7ba"
    },
    "@std/path@1.0.8": {
      "integrity": "548fa456bb6a04d3c1a1e7477986b6cffbce95102d0bb447c67c4ee70e0364be"
    },
    "@std/testing@1.0.9": {
      "integrity": "9bdd4ac07cb13e7594ac30e90f6ceef7254ac83a9aeaa089be0008f33aab5cd4",
      "dependencies": [
        "jsr:@std/assert",
        "jsr:@std/async",
        "jsr:@std/data-structures",
        "jsr:@std/fs@^1.0.9",
        "jsr:@std/internal",
        "jsr:@std/path"
      ]
    }
  },
  "npm": {
    "@anatine/zod-openapi@1.14.2_openapi3-ts@2.0.2_zod@3.24.2": {
      "integrity": "sha512-q0qHfnuNYVKu0Swrnnvfj9971AEyW7c8v9jCOZGCl5ZbyGMNG4RPyJkRcMi/JC8CRfdOe0IDfNm1nNsi2avprg==",
      "dependencies": [
        "openapi3-ts",
        "ts-deepmerge",
        "zod"
      ]
    },
    "@hono/swagger-ui@0.5.1_hono@4.7.2": {
      "integrity": "sha512-XpUCfszLJ9b1rtFdzqOSHfdg9pfBiC2J5piEjuSanYpDDTIwpMz0ciiv5N3WWUaQpz9fEgH8lttQqL41vIFuDA==",
      "dependencies": [
        "hono"
      ]
    },
    "@seriousme/openapi-schema-validator@2.3.1_ajv@8.17.1": {
      "integrity": "sha512-szUXBZJUhq+Yw+vUro2QeltSIoZvMDQi3MLqJhIKcRcRYyFt9B6dyjMD1RVf3nFvNAHkWqa48NJA46ti2P8smA==",
      "dependencies": [
        "ajv",
        "ajv-draft-04",
        "ajv-formats",
        "js-yaml",
        "minimist"
      ]
    },
    "@ts-rest/core@3.52.0_zod@3.24.2": {
      "integrity": "sha512-t2KWbRWTh9ikYFOugDNFGaEhiPOzlzkQA8uRHebRN/HtJoauPS4ry3jgdvd5hYQNB/QlfpYeLqBCnGudc9vFog==",
      "dependencies": [
        "zod"
      ]
    },
    "@ts-rest/open-api@3.52.0_@ts-rest+core@3.52.0__zod@3.24.2_zod@3.24.2_openapi3-ts@2.0.2": {
      "integrity": "sha512-DBowHrLPZZKxGUC+2EBDSVEsWL3cgYPEorpp0N+EUwy04IqZqgGV5hlK++PV+WEpZwrBxrwNrG7T7cXCPv/NGg==",
      "dependencies": [
        "@anatine/zod-openapi",
        "@ts-rest/core",
        "openapi3-ts",
        "zod"
      ]
    },
    "ajv-draft-04@1.0.0_ajv@8.17.1": {
      "integrity": "sha512-mv00Te6nmYbRp5DCwclxtt7yV/joXJPGS7nM+97GdxvuttCOfgI3K4U25zboyeX0O+myI8ERluxQe5wljMmVIw==",
      "dependencies": [
        "ajv"
      ]
    },
    "ajv-formats@3.0.1_ajv@8.17.1": {
      "integrity": "sha512-8iUql50EUR+uUcdRQ3HDqa6EVyo3docL8g5WJ3FNcWmu62IbkGUue/pEyLBW8VGKKucTPgqeks4fIU1DA4yowQ==",
      "dependencies": [
        "ajv"
      ]
    },
    "ajv@8.17.1": {
      "integrity": "sha512-B/gBuNg5SiMTrPkC+A2+cW0RszwxYmn6VYxB/inlBStS5nx6xHIt/ehKRhIMhqusl7a8LjQoZnjCs5vhwxOQ1g==",
      "dependencies": [
        "fast-deep-equal",
        "fast-uri",
        "json-schema-traverse",
        "require-from-string"
      ]
    },
    "argparse@2.0.1": {
      "integrity": "sha512-8+9WqebbFzpX9OR+Wa6O29asIogeRMzcGtAINdpMHHyAg10f05aSFVBbcEqGf/PXw1EjAZ+q2/bEBg3DvurK3Q=="
    },
    "fast-deep-equal@3.1.3": {
      "integrity": "sha512-f3qQ9oQy9j2AhBe/H9VC91wLmKBCCU/gDOnKNAYG5hswO7BLKj09Hc5HYNz9cGI++xlpDCIgDaitVs03ATR84Q=="
    },
    "fast-uri@3.0.6": {
      "integrity": "sha512-Atfo14OibSv5wAp4VWNsFYE1AchQRTv9cBGWET4pZWHzYshFSS9NQI6I57rdKn9croWVMbYFbLhJ+yJvmZIIHw=="
    },
    "hono@4.7.2": {
      "integrity": "sha512-8V5XxoOF6SI12jkHkzX/6aLBMU5GEF5g387EjVSQipS0DlxWgWGSMeEayY3CRBjtTUQYwLHx9JYouWqKzy2Vng=="
    },
    "js-yaml@4.1.0": {
      "integrity": "sha512-wpxZs9NoxZaJESJGIZTyDEaYpl0FKSA+FB9aJiyemKhMwkxQg63h4T1KJgUGHpTqPDNRcmmYLugrRjJlBtWvRA==",
      "dependencies": [
        "argparse"
      ]
    },
    "json-schema-traverse@1.0.0": {
      "integrity": "sha512-NM8/P9n3XjXhIZn1lLhkFaACTOURQXjWhV4BA/RnOv8xvgqtqpAX9IO4mRQxSx1Rlo4tqzeqb0sOlruaOy3dug=="
    },
    "minimist@1.2.8": {
      "integrity": "sha512-2yyAR8qBkN3YuheJanUpWC5U3bb5osDywNB8RzDVlDwDHbocAJveqqj1u8+SVD7jkWT4yvsHCpWqqWqAxb0zCA=="
    },
    "openapi3-ts@2.0.2": {
      "integrity": "sha512-TxhYBMoqx9frXyOgnRHufjQfPXomTIHYKhSKJ6jHfj13kS8OEIhvmE8CTuQyKtjjWttAjX5DPxM1vmalEpo8Qw==",
      "dependencies": [
        "yaml"
      ]
    },
    "require-from-string@2.0.2": {
      "integrity": "sha512-Xf0nWe6RseziFMu+Ap9biiUbmplq6S9/p+7w7YXP/JBHhrUDDUhwa+vANyubuqfZWTveU//DYVGsDG7RKL/vEw=="
    },
    "ts-deepmerge@6.2.1": {
      "integrity": "sha512-8CYSLazCyj0DJDpPIxOFzJG46r93uh6EynYjuey+bxcLltBeqZL7DMfaE5ZPzZNFlav7wx+2TDa/mBl8gkTYzw=="
    },
    "yaml@1.10.2": {
      "integrity": "sha512-r3vXyErRCYJ7wg28yvBY5VSoAF8ZvlcW9/BwUzEtUsjvX/DKs24dIkuwjtuprwJJHsbyUbLApepYTR1BN4uHrg=="
    },
    "zod@3.24.2": {
      "integrity": "sha512-lY7CDW43ECgW9u1TcT3IoXHflywfVqDYze4waEz812jR/bZ8FHDsl7pFQoSZTz5N+2NqRXs8GBwnAwo3ZNxqhQ=="
    }
  },
  "workspace": {
    "members": {
      "projects/api": {
        "dependencies": [
          "jsr:@std/testing@^1.0.5",
          "npm:@ts-rest/core@^3.51.0",
          "npm:zod@^3.24.1"
        ]
      },
      "projects/openapi": {
        "dependencies": [
          "npm:@hono/swagger-ui@0.5",
          "npm:@seriousme/openapi-schema-validator@^2.3.1",
          "npm:@ts-rest/open-api@^3.51.0",
          "npm:hono@^4.6.16"
        ]
      },
      "projects/playground": {
        "dependencies": [
          "jsr:@std/fs@^1.0.5"
        ]
      }
    }
  }
}
